
Microsoft Visual Studio Solution File, Format Version 12.00
# Visual Studio 15
VisualStudioVersion = 15.0.28307.1500
MinimumVisualStudioVersion = 10.0.40219.1
Project("{8BC9CEB8-8B4A-11D0-8D11-00A0C91BC942}") = "getbitcoinprice", "getbitcoinprice\getbitcoinprice.vcxproj", "{4AC6ACC4-AED6-4090-8395-98291C0CB197}"
EndProject
Global
	GlobalSection(SolutionConfigurationPlatforms) = preSolution
		Debug|x64 = Debug|x64
		Debug|x86 = Debug|x86
		Release|x64 = Release|x64
		Release|x86 = Release|x86
	EndGlobalSection
	GlobalSection(ProjectConfigurationPlatforms) = postSolution
		{4AC6ACC4-AED6-4090-8395-98291C0CB197}.Debug|x64.ActiveCfg = Debug|x64
		{4AC6ACC4-AED6-4090-8395-98291C0CB197}.Debug|x64.Build.0 = Debug|x64
		{4AC6ACC4-AED6-4090-8395-98291C0CB197}.Debug|x86.ActiveCfg = Debug|Win32
		{4AC6ACC4-AED6-4090-8395-98291C0CB197}.Debug|x86.Build.0 = Debug|Win32
		{4AC6ACC4-AED6-4090-8395-98291C0CB197}.Release|x64.ActiveCfg = Release|x64
		{4AC6ACC4-AED6-4090-8395-98291C0CB197}.Release|x64.Build.0 = Release|x64
		{4AC6ACC4-AED6-4090-8395-98291C0CB197}.Release|x86.ActiveCfg = Release|Win32
		{4AC6ACC4-AED6-4090-8395-98291C0CB197}.Release|x86.Build.0 = Release|Win32
	EndGlobalSection
	GlobalSection(SolutionProperties) = preSolution
		HideSolutionNode = FALSE
	EndGlobalSection
	GlobalSection(ExtensibilityGlobals) = postSolution
		SolutionGuid = {D3725C15-BAD8-4867-A155-8899E45CB6D1}
	EndGlobalSection
EndGlobal
